
Microsoft Visual Studio Solution File, Format Version 12.00
Project("{2150E333-8FDC-42A3-9474-1A3956D46DE8}") = "Session02", "Session02", "{7B641E24-B74A-4EE0-9D64-9375AB5C7025}"
EndProject
Project("{FAE04EC0-301F-11D3-BF4B-00C04F79EFBC}") = "S2Ex01", "Session2\S2Ex01\S2Ex01.csproj", "{C1362359-58E4-4327-8562-EFAC97CCA38C}"
EndProject
Project("{FAE04EC0-301F-11D3-BF4B-00C04F79EFBC}") = "S2Ex04", "Session2\S2Ex04\S2Ex04.csproj", "{D85D1290-68B2-419D-9826-8821B6D373B9}"
EndProject
Project("{FAE04EC0-301F-11D3-BF4B-00C04F79EFBC}") = "S2Ex05", "Session2\S2Ex05\S2Ex05.csproj", "{416CBDC4-76FC-438A-813A-78BE329CA2DA}"
EndProject
Project("{FAE04EC0-301F-11D3-BF4B-00C04F79EFBC}") = "S2Ex06", "Session2\S2Ex06\S2Ex06.csproj", "{09C58388-44CE-4779-92C6-7EC2AD4B4D89}"
EndProject
Project("{2150E333-8FDC-42A3-9474-1A3956D46DE8}") = "Session03", "Session03", "{FDFE3EE8-7FA5-45EA-B167-F1CA7ADA249E}"
EndProject
Project("{FAE04EC0-301F-11D3-BF4B-00C04F79EFBC}") = "S3Ex01", "Session03\S3Ex01\S3Ex01.csproj", "{56BD2111-E8D9-4A47-8280-FD277C3564ED}"
EndProject
Project("{FAE04EC0-301F-11D3-BF4B-00C04F79EFBC}") = "S3Ex02", "Session03\S3Ex02\S3Ex02.csproj", "{4288E56C-D317-46A3-9E04-6236538936B4}"
EndProject
Project("{FAE04EC0-301F-11D3-BF4B-00C04F79EFBC}") = "S3Ex03Client", "Session03\S3Ex03Client\S3Ex03Client.csproj", "{B53AEAA9-5382-450E-9D8C-7F6C4BFF9840}"
EndProject
Project("{FAE04EC0-301F-11D3-BF4B-00C04F79EFBC}") = "S3Ex03Server", "Session03\S3Ex03Server\S3Ex03Server.csproj", "{95900146-D150-4D52-8162-D11F53FC0D3D}"
EndProject
Project("{FAE04EC0-301F-11D3-BF4B-00C04F79EFBC}") = "S3Ex04Server", "Session03\S3Ex04Server\S3Ex04Server.csproj", "{A878B8A6-CC7F-4A98-A83A-2DEC48D702C2}"
EndProject
Project("{FAE04EC0-301F-11D3-BF4B-00C04F79EFBC}") = "S3Ex04Client", "Session03\S3Ex04Client\S3Ex04Client.csproj", "{2F21376F-9336-4481-8B58-764C228922D7}"
EndProject
Project("{FAE04EC0-301F-11D3-BF4B-00C04F79EFBC}") = "S3Ex05Client", "Session03\S3Ex05Client\S3Ex05Client.csproj", "{9C7D8650-A70B-4B10-B77D-DDAA54F62FF3}"
EndProject
Project("{FAE04EC0-301F-11D3-BF4B-00C04F79EFBC}") = "S3Ex05Server", "Session03\S3Ex05Server\S3Ex05Server.csproj", "{97BE7F13-1DD9-42A1-9DDA-FBEDDBAEF133}"
EndProject
Project("{FAE04EC0-301F-11D3-BF4B-00C04F79EFBC}") = "S3Ex07Server", "Session03\S3Ex07Server\S3Ex07Server.csproj", "{9C849CE0-D8D3-4269-82F6-4255D87AA4B3}"
EndProject
Project("{FAE04EC0-301F-11D3-BF4B-00C04F79EFBC}") = "S3Ex07Client", "Session03\S3Ex07Client\S3Ex07Client.csproj", "{FD4BD8E9-F0C7-4B53-9A64-4167BF672753}"
EndProject
Project("{FAE04EC0-301F-11D3-BF4B-00C04F79EFBC}") = "S3Ex07Shared", "Session03\S3Ex07Shared\S3Ex07Shared.csproj", "{31095AAE-BB9B-43F9-A586-2527F3A04B22}"
EndProject
Project("{2150E333-8FDC-42A3-9474-1A3956D46DE8}") = "Session04", "Session04", "{2BB61378-10CD-465B-8E10-F0F7B82E451C}"
EndProject
Project("{2150E333-8FDC-42A3-9474-1A3956D46DE8}") = "Session05", "Session05", "{340954BA-650D-4A0E-A186-D90A8B029C39}"
EndProject
Project("{FAE04EC0-301F-11D3-BF4B-00C04F79EFBC}") = "TodoProject", "Session04\TodoProject\TodoProject.csproj", "{D2F1B8B2-C80D-4F16-A170-B54D2E63F238}"
EndProject
Project("{FAE04EC0-301F-11D3-BF4B-00C04F79EFBC}") = "BakeryProject", "Session04\BakeryProject\BakeryProject.csproj", "{A27EA17C-63BF-4BFB-95DF-977403D8E5B5}"
EndProject
Project("{FAE04EC0-301F-11D3-BF4B-00C04F79EFBC}") = "S5Ex01", "Session05\S5Ex01\S5Ex01.csproj", "{3D31975C-6D0A-46BB-B8A8-D4C4453B6245}"
EndProject
Project("{2150E333-8FDC-42A3-9474-1A3956D46DE8}") = "Assignments", "Assignments", "{756D61FB-3131-42F7-BDE4-A106B7B64774}"
EndProject
Project("{FAE04EC0-301F-11D3-BF4B-00C04F79EFBC}") = "Assignment1", "Assignments\Assignment1\Assignment1.csproj", "{1553DCE3-6F02-481F-948F-6772502C42DF}"
EndProject
Project("{2150E333-8FDC-42A3-9474-1A3956D46DE8}") = "Assignment01", "Assignment01", "{28BC0359-E89D-45F1-B827-BC3F0FEF1AE3}"
EndProject
Global
	GlobalSection(SolutionConfigurationPlatforms) = preSolution
		Debug|Any CPU = Debug|Any CPU
		Release|Any CPU = Release|Any CPU
	EndGlobalSection
	GlobalSection(NestedProjects) = preSolution
		{C1362359-58E4-4327-8562-EFAC97CCA38C} = {7B641E24-B74A-4EE0-9D64-9375AB5C7025}
		{D85D1290-68B2-419D-9826-8821B6D373B9} = {7B641E24-B74A-4EE0-9D64-9375AB5C7025}
		{416CBDC4-76FC-438A-813A-78BE329CA2DA} = {7B641E24-B74A-4EE0-9D64-9375AB5C7025}
		{09C58388-44CE-4779-92C6-7EC2AD4B4D89} = {7B641E24-B74A-4EE0-9D64-9375AB5C7025}
		{56BD2111-E8D9-4A47-8280-FD277C3564ED} = {FDFE3EE8-7FA5-45EA-B167-F1CA7ADA249E}
		{4288E56C-D317-46A3-9E04-6236538936B4} = {FDFE3EE8-7FA5-45EA-B167-F1CA7ADA249E}
		{B53AEAA9-5382-450E-9D8C-7F6C4BFF9840} = {FDFE3EE8-7FA5-45EA-B167-F1CA7ADA249E}
		{95900146-D150-4D52-8162-D11F53FC0D3D} = {FDFE3EE8-7FA5-45EA-B167-F1CA7ADA249E}
		{A878B8A6-CC7F-4A98-A83A-2DEC48D702C2} = {FDFE3EE8-7FA5-45EA-B167-F1CA7ADA249E}
		{2F21376F-9336-4481-8B58-764C228922D7} = {FDFE3EE8-7FA5-45EA-B167-F1CA7ADA249E}
		{9C7D8650-A70B-4B10-B77D-DDAA54F62FF3} = {FDFE3EE8-7FA5-45EA-B167-F1CA7ADA249E}
		{97BE7F13-1DD9-42A1-9DDA-FBEDDBAEF133} = {FDFE3EE8-7FA5-45EA-B167-F1CA7ADA249E}
		{9C849CE0-D8D3-4269-82F6-4255D87AA4B3} = {FDFE3EE8-7FA5-45EA-B167-F1CA7ADA249E}
		{FD4BD8E9-F0C7-4B53-9A64-4167BF672753} = {FDFE3EE8-7FA5-45EA-B167-F1CA7ADA249E}
		{31095AAE-BB9B-43F9-A586-2527F3A04B22} = {FDFE3EE8-7FA5-45EA-B167-F1CA7ADA249E}
		{D2F1B8B2-C80D-4F16-A170-B54D2E63F238} = {2BB61378-10CD-465B-8E10-F0F7B82E451C}
		{A27EA17C-63BF-4BFB-95DF-977403D8E5B5} = {2BB61378-10CD-465B-8E10-F0F7B82E451C}
		{3D31975C-6D0A-46BB-B8A8-D4C4453B6245} = {340954BA-650D-4A0E-A186-D90A8B029C39}
		{28BC0359-E89D-45F1-B827-BC3F0FEF1AE3} = {756D61FB-3131-42F7-BDE4-A106B7B64774}
		{1553DCE3-6F02-481F-948F-6772502C42DF} = {28BC0359-E89D-45F1-B827-BC3F0FEF1AE3}
	EndGlobalSection
	GlobalSection(ProjectConfigurationPlatforms) = postSolution
		{C1362359-58E4-4327-8562-EFAC97CCA38C}.Debug|Any CPU.ActiveCfg = Debug|Any CPU
		{C1362359-58E4-4327-8562-EFAC97CCA38C}.Debug|Any CPU.Build.0 = Debug|Any CPU
		{C1362359-58E4-4327-8562-EFAC97CCA38C}.Release|Any CPU.ActiveCfg = Release|Any CPU
		{C1362359-58E4-4327-8562-EFAC97CCA38C}.Release|Any CPU.Build.0 = Release|Any CPU
		{D85D1290-68B2-419D-9826-8821B6D373B9}.Debug|Any CPU.ActiveCfg = Debug|Any CPU
		{D85D1290-68B2-419D-9826-8821B6D373B9}.Debug|Any CPU.Build.0 = Debug|Any CPU
		{D85D1290-68B2-419D-9826-8821B6D373B9}.Release|Any CPU.ActiveCfg = Release|Any CPU
		{D85D1290-68B2-419D-9826-8821B6D373B9}.Release|Any CPU.Build.0 = Release|Any CPU
		{416CBDC4-76FC-438A-813A-78BE329CA2DA}.Debug|Any CPU.ActiveCfg = Debug|Any CPU
		{416CBDC4-76FC-438A-813A-78BE329CA2DA}.Debug|Any CPU.Build.0 = Debug|Any CPU
		{416CBDC4-76FC-438A-813A-78BE329CA2DA}.Release|Any CPU.ActiveCfg = Release|Any CPU
		{416CBDC4-76FC-438A-813A-78BE329CA2DA}.Release|Any CPU.Build.0 = Release|Any CPU
		{09C58388-44CE-4779-92C6-7EC2AD4B4D89}.Debug|Any CPU.ActiveCfg = Debug|Any CPU
		{09C58388-44CE-4779-92C6-7EC2AD4B4D89}.Debug|Any CPU.Build.0 = Debug|Any CPU
		{09C58388-44CE-4779-92C6-7EC2AD4B4D89}.Release|Any CPU.ActiveCfg = Release|Any CPU
		{09C58388-44CE-4779-92C6-7EC2AD4B4D89}.Release|Any CPU.Build.0 = Release|Any CPU
		{56BD2111-E8D9-4A47-8280-FD277C3564ED}.Debug|Any CPU.ActiveCfg = Debug|Any CPU
		{56BD2111-E8D9-4A47-8280-FD277C3564ED}.Debug|Any CPU.Build.0 = Debug|Any CPU
		{56BD2111-E8D9-4A47-8280-FD277C3564ED}.Release|Any CPU.ActiveCfg = Release|Any CPU
		{56BD2111-E8D9-4A47-8280-FD277C3564ED}.Release|Any CPU.Build.0 = Release|Any CPU
		{4288E56C-D317-46A3-9E04-6236538936B4}.Debug|Any CPU.ActiveCfg = Debug|Any CPU
		{4288E56C-D317-46A3-9E04-6236538936B4}.Debug|Any CPU.Build.0 = Debug|Any CPU
		{4288E56C-D317-46A3-9E04-6236538936B4}.Release|Any CPU.ActiveCfg = Release|Any CPU
		{4288E56C-D317-46A3-9E04-6236538936B4}.Release|Any CPU.Build.0 = Release|Any CPU
		{B53AEAA9-5382-450E-9D8C-7F6C4BFF9840}.Debug|Any CPU.ActiveCfg = Debug|Any CPU
		{B53AEAA9-5382-450E-9D8C-7F6C4BFF9840}.Debug|Any CPU.Build.0 = Debug|Any CPU
		{B53AEAA9-5382-450E-9D8C-7F6C4BFF9840}.Release|Any CPU.ActiveCfg = Release|Any CPU
		{B53AEAA9-5382-450E-9D8C-7F6C4BFF9840}.Release|Any CPU.Build.0 = Release|Any CPU
		{95900146-D150-4D52-8162-D11F53FC0D3D}.Debug|Any CPU.ActiveCfg = Debug|Any CPU
		{95900146-D150-4D52-8162-D11F53FC0D3D}.Debug|Any CPU.Build.0 = Debug|Any CPU
		{95900146-D150-4D52-8162-D11F53FC0D3D}.Release|Any CPU.ActiveCfg = Release|Any CPU
		{95900146-D150-4D52-8162-D11F53FC0D3D}.Release|Any CPU.Build.0 = Release|Any CPU
		{A878B8A6-CC7F-4A98-A83A-2DEC48D702C2}.Debug|Any CPU.ActiveCfg = Debug|Any CPU
		{A878B8A6-CC7F-4A98-A83A-2DEC48D702C2}.Debug|Any CPU.Build.0 = Debug|Any CPU
		{A878B8A6-CC7F-4A98-A83A-2DEC48D702C2}.Release|Any CPU.ActiveCfg = Release|Any CPU
		{A878B8A6-CC7F-4A98-A83A-2DEC48D702C2}.Release|Any CPU.Build.0 = Release|Any CPU
		{2F21376F-9336-4481-8B58-764C228922D7}.Debug|Any CPU.ActiveCfg = Debug|Any CPU
		{2F21376F-9336-4481-8B58-764C228922D7}.Debug|Any CPU.Build.0 = Debug|Any CPU
		{2F21376F-9336-4481-8B58-764C228922D7}.Release|Any CPU.ActiveCfg = Release|Any CPU
		{2F21376F-9336-4481-8B58-764C228922D7}.Release|Any CPU.Build.0 = Release|Any CPU
		{9C7D8650-A70B-4B10-B77D-DDAA54F62FF3}.Debug|Any CPU.ActiveCfg = Debug|Any CPU
		{9C7D8650-A70B-4B10-B77D-DDAA54F62FF3}.Debug|Any CPU.Build.0 = Debug|Any CPU
		{9C7D8650-A70B-4B10-B77D-DDAA54F62FF3}.Release|Any CPU.ActiveCfg = Release|Any CPU
		{9C7D8650-A70B-4B10-B77D-DDAA54F62FF3}.Release|Any CPU.Build.0 = Release|Any CPU
		{97BE7F13-1DD9-42A1-9DDA-FBEDDBAEF133}.Debug|Any CPU.ActiveCfg = Debug|Any CPU
		{97BE7F13-1DD9-42A1-9DDA-FBEDDBAEF133}.Debug|Any CPU.Build.0 = Debug|Any CPU
		{97BE7F13-1DD9-42A1-9DDA-FBEDDBAEF133}.Release|Any CPU.ActiveCfg = Release|Any CPU
		{97BE7F13-1DD9-42A1-9DDA-FBEDDBAEF133}.Release|Any CPU.Build.0 = Release|Any CPU
		{9C849CE0-D8D3-4269-82F6-4255D87AA4B3}.Debug|Any CPU.ActiveCfg = Debug|Any CPU
		{9C849CE0-D8D3-4269-82F6-4255D87AA4B3}.Debug|Any CPU.Build.0 = Debug|Any CPU
		{9C849CE0-D8D3-4269-82F6-4255D87AA4B3}.Release|Any CPU.ActiveCfg = Release|Any CPU
		{9C849CE0-D8D3-4269-82F6-4255D87AA4B3}.Release|Any CPU.Build.0 = Release|Any CPU
		{FD4BD8E9-F0C7-4B53-9A64-4167BF672753}.Debug|Any CPU.ActiveCfg = Debug|Any CPU
		{FD4BD8E9-F0C7-4B53-9A64-4167BF672753}.Debug|Any CPU.Build.0 = Debug|Any CPU
		{FD4BD8E9-F0C7-4B53-9A64-4167BF672753}.Release|Any CPU.ActiveCfg = Release|Any CPU
		{FD4BD8E9-F0C7-4B53-9A64-4167BF672753}.Release|Any CPU.Build.0 = Release|Any CPU
		{31095AAE-BB9B-43F9-A586-2527F3A04B22}.Debug|Any CPU.ActiveCfg = Debug|Any CPU
		{31095AAE-BB9B-43F9-A586-2527F3A04B22}.Debug|Any CPU.Build.0 = Debug|Any CPU
		{31095AAE-BB9B-43F9-A586-2527F3A04B22}.Release|Any CPU.ActiveCfg = Release|Any CPU
		{31095AAE-BB9B-43F9-A586-2527F3A04B22}.Release|Any CPU.Build.0 = Release|Any CPU
		{D2F1B8B2-C80D-4F16-A170-B54D2E63F238}.Debug|Any CPU.ActiveCfg = Debug|Any CPU
		{D2F1B8B2-C80D-4F16-A170-B54D2E63F238}.Debug|Any CPU.Build.0 = Debug|Any CPU
		{D2F1B8B2-C80D-4F16-A170-B54D2E63F238}.Release|Any CPU.ActiveCfg = Release|Any CPU
		{D2F1B8B2-C80D-4F16-A170-B54D2E63F238}.Release|Any CPU.Build.0 = Release|Any CPU
		{A27EA17C-63BF-4BFB-95DF-977403D8E5B5}.Debug|Any CPU.ActiveCfg = Debug|Any CPU
		{A27EA17C-63BF-4BFB-95DF-977403D8E5B5}.Debug|Any CPU.Build.0 = Debug|Any CPU
		{A27EA17C-63BF-4BFB-95DF-977403D8E5B5}.Release|Any CPU.ActiveCfg = Release|Any CPU
		{A27EA17C-63BF-4BFB-95DF-977403D8E5B5}.Release|Any CPU.Build.0 = Release|Any CPU
		{3D31975C-6D0A-46BB-B8A8-D4C4453B6245}.Debug|Any CPU.ActiveCfg = Debug|Any CPU
		{3D31975C-6D0A-46BB-B8A8-D4C4453B6245}.Debug|Any CPU.Build.0 = Debug|Any CPU
		{3D31975C-6D0A-46BB-B8A8-D4C4453B6245}.Release|Any CPU.ActiveCfg = Release|Any CPU
		{3D31975C-6D0A-46BB-B8A8-D4C4453B6245}.Release|Any CPU.Build.0 = Release|Any CPU
		{1553DCE3-6F02-481F-948F-6772502C42DF}.Debug|Any CPU.ActiveCfg = Debug|Any CPU
		{1553DCE3-6F02-481F-948F-6772502C42DF}.Debug|Any CPU.Build.0 = Debug|Any CPU
		{1553DCE3-6F02-481F-948F-6772502C42DF}.Release|Any CPU.ActiveCfg = Release|Any CPU
		{1553DCE3-6F02-481F-948F-6772502C42DF}.Release|Any CPU.Build.0 = Release|Any CPU
	EndGlobalSection
EndGlobal
